
Microsoft Visual Studio Solution File, Format Version 12.00
# Visual Studio Version 17
VisualStudioVersion = 17.8.34511.84
MinimumVisualStudioVersion = 10.0.40219.1
Project("{FAE04EC0-301F-11D3-BF4B-00C04F79EFBC}") = "Inicio_Sesion", "Inicio_Sesion\Inicio_Sesion.csproj", "{C22DB220-5E4C-40D3-A2EA-1C649796C015}"
EndProject
Global
	GlobalSection(SolutionConfigurationPlatforms) = preSolution
		Debug|Any CPU = Debug|Any CPU
		Release|Any CPU = Release|Any CPU
	EndGlobalSection
	GlobalSection(ProjectConfigurationPlatforms) = postSolution
		{C22DB220-5E4C-40D3-A2EA-1C649796C015}.Debug|Any CPU.ActiveCfg = Debug|Any CPU
		{C22DB220-5E4C-40D3-A2EA-1C649796C015}.Debug|Any CPU.Build.0 = Debug|Any CPU
		{C22DB220-5E4C-40D3-A2EA-1C649796C015}.Release|Any CPU.ActiveCfg = Release|Any CPU
		{C22DB220-5E4C-40D3-A2EA-1C649796C015}.Release|Any CPU.Build.0 = Release|Any CPU
	EndGlobalSection
	GlobalSection(SolutionProperties) = preSolution
		HideSolutionNode = FALSE
	EndGlobalSection
	GlobalSection(ExtensibilityGlobals) = postSolution
		SolutionGuid = {EEFA9F90-A148-4398-9FF6-A53C02E4718C}
	EndGlobalSection
EndGlobal
